// !$*UTF8*$!
{
	archiveVersion = 1;
	classes = {
	};
	objectVersion = 50;
	objects = {

/* Begin PBXBuildFile section */
		3D247F3B25A2BE180075EBB1 /* LandmarksApp.swift in Sources */ = {isa = PBXBuildFile; fileRef = 3D247F3A25A2BE180075EBB1 /* LandmarksApp.swift */; };
		3D247F3D25A2BE180075EBB1 /* ContentView.swift in Sources */ = {isa = PBXBuildFile; fileRef = 3D247F3C25A2BE180075EBB1 /* ContentView.swift */; };
		3D247F3F25A2BE1A0075EBB1 /* Assets.xcassets in Resources */ = {isa = PBXBuildFile; fileRef = 3D247F3E25A2BE1A0075EBB1 /* Assets.xcassets */; };
		3D247F4225A2BE1A0075EBB1 /* Preview Assets.xcassets in Resources */ = {isa = PBXBuildFile; fileRef = 3D247F4125A2BE1A0075EBB1 /* Preview Assets.xcassets */; };
		3D247F4D25A2BE1A0075EBB1 /* LandmarksTests.swift in Sources */ = {isa = PBXBuildFile; fileRef = 3D247F4C25A2BE1A0075EBB1 /* LandmarksTests.swift */; };
		3D247F5825A2BE1A0075EBB1 /* LandmarksUITests.swift in Sources */ = {isa = PBXBuildFile; fileRef = 3D247F5725A2BE1A0075EBB1 /* LandmarksUITests.swift */; };
		3D247F6925A2C3A60075EBB1 /*  CircleImage.swift in Sources */ = {isa = PBXBuildFile; fileRef = 3D247F6825A2C3A60075EBB1 /*  CircleImage.swift */; };
		3D247F7125A2C4990075EBB1 /* MapView.swift in Sources */ = {isa = PBXBuildFile; fileRef = 3D247F7025A2C4990075EBB1 /* MapView.swift */; };
		3DBA487125A3E08200C591BE /* landmarkData.json in Resources */ = {isa = PBXBuildFile; fileRef = 3DBA487025A3E08200C591BE /* landmarkData.json */; };
		3DBA487625A3E0D400C591BE /* Landmark.swift in Sources */ = {isa = PBXBuildFile; fileRef = 3DBA487525A3E0D400C591BE /* Landmark.swift */; };
		3DBA487B25A4B05600C591BE /* ModelData.swift in Sources */ = {isa = PBXBuildFile; fileRef = 3DBA487A25A4B05600C591BE /* ModelData.swift */; };
		3DBA488C25A4B38500C591BE /* LandmarkRow.swift in Sources */ = {isa = PBXBuildFile; fileRef = 3DBA488B25A4B38500C591BE /* LandmarkRow.swift */; };
		3DBA489125A4F20D00C591BE /* LandmarkList.swift in Sources */ = {isa = PBXBuildFile; fileRef = 3DBA489025A4F20D00C591BE /* LandmarkList.swift */; };
		3DBA489625A4F54F00C591BE /* LandmarkDetail.swift in Sources */ = {isa = PBXBuildFile; fileRef = 3DBA489525A4F54F00C591BE /* LandmarkDetail.swift */; };
/* End PBXBuildFile section */

/* Begin PBXContainerItemProxy section */
		3D247F4925A2BE1A0075EBB1 /* PBXContainerItemProxy */ = {
			isa = PBXContainerItemProxy;
			containerPortal = 3D247F2F25A2BE180075EBB1 /* Project object */;
			proxyType = 1;
			remoteGlobalIDString = 3D247F3625A2BE180075EBB1;
			remoteInfo = Landmarks;
		};
		3D247F5425A2BE1A0075EBB1 /* PBXContainerItemProxy */ = {
			isa = PBXContainerItemProxy;
			containerPortal = 3D247F2F25A2BE180075EBB1 /* Project object */;
			proxyType = 1;
			remoteGlobalIDString = 3D247F3625A2BE180075EBB1;
			remoteInfo = Landmarks;
		};
/* End PBXContainerItemProxy section */

/* Begin PBXFileReference section */
		3D247F3725A2BE180075EBB1 /* Landmarks.app */ = {isa = PBXFileReference; explicitFileType = wrapper.application; includeInIndex = 0; path = Landmarks.app; sourceTree = BUILT_PRODUCTS_DIR; };
		3D247F3A25A2BE180075EBB1 /* LandmarksApp.swift */ = {isa = PBXFileReference; lastKnownFileType = sourcecode.swift; path = LandmarksApp.swift; sourceTree = "<group>"; };
		3D247F3C25A2BE180075EBB1 /* ContentView.swift */ = {isa = PBXFileReference; lastKnownFileType = sourcecode.swift; path = ContentView.swift; sourceTree = "<group>"; };
		3D247F3E25A2BE1A0075EBB1 /* Assets.xcassets */ = {isa = PBXFileReference; lastKnownFileType = folder.assetcatalog; path = Assets.xcassets; sourceTree = "<group>"; };
		3D247F4125A2BE1A0075EBB1 /* Preview Assets.xcassets */ = {isa = PBXFileReference; lastKnownFileType = folder.assetcatalog; path = "Preview Assets.xcassets"; sourceTree = "<group>"; };
		3D247F4325A2BE1A0075EBB1 /* Info.plist */ = {isa = PBXFileReference; lastKnownFileType = text.plist.xml; path = Info.plist; sourceTree = "<group>"; };
		3D247F4825A2BE1A0075EBB1 /* LandmarksTests.xctest */ = {isa = PBXFileReference; explicitFileType = wrapper.cfbundle; includeInIndex = 0; path = LandmarksTests.xctest; sourceTree = BUILT_PRODUCTS_DIR; };
		3D247F4C25A2BE1A0075EBB1 /* LandmarksTests.swift */ = {isa = PBXFileReference; lastKnownFileType = sourcecode.swift; path = LandmarksTests.swift; sourceTree = "<group>"; };
		3D247F4E25A2BE1A0075EBB1 /* Info.plist */ = {isa = PBXFileReference; lastKnownFileType = text.plist.xml; path = Info.plist; sourceTree = "<group>"; };
		3D247F5325A2BE1A0075EBB1 /* LandmarksUITests.xctest */ = {isa = PBXFileReference; explicitFileType = wrapper.cfbundle; includeInIndex = 0; path = LandmarksUITests.xctest; sourceTree = BUILT_PRODUCTS_DIR; };
		3D247F5725A2BE1A0075EBB1 /* LandmarksUITests.swift */ = {isa = PBXFileReference; lastKnownFileType = sourcecode.swift; path = LandmarksUITests.swift; sourceTree = "<group>"; };
		3D247F5925A2BE1A0075EBB1 /* Info.plist */ = {isa = PBXFileReference; lastKnownFileType = text.plist.xml; path = Info.plist; sourceTree = "<group>"; };
		3D247F6825A2C3A60075EBB1 /*  CircleImage.swift */ = {isa = PBXFileReference; lastKnownFileType = sourcecode.swift; path = " CircleImage.swift"; sourceTree = "<group>"; };
		3D247F7025A2C4990075EBB1 /* MapView.swift */ = {isa = PBXFileReference; lastKnownFileType = sourcecode.swift; path = MapView.swift; sourceTree = "<group>"; };
		3DBA487025A3E08200C591BE /* landmarkData.json */ = {isa = PBXFileReference; fileEncoding = 4; lastKnownFileType = text.json; path = landmarkData.json; sourceTree = "<group>"; };
		3DBA487525A3E0D400C591BE /* Landmark.swift */ = {isa = PBXFileReference; lastKnownFileType = sourcecode.swift; path = Landmark.swift; sourceTree = "<group>"; };
		3DBA487A25A4B05600C591BE /* ModelData.swift */ = {isa = PBXFileReference; lastKnownFileType = sourcecode.swift; path = ModelData.swift; sourceTree = "<group>"; };
		3DBA488B25A4B38500C591BE /* LandmarkRow.swift */ = {isa = PBXFileReference; lastKnownFileType = sourcecode.swift; path = LandmarkRow.swift; sourceTree = "<group>"; };
		3DBA489025A4F20D00C591BE /* LandmarkList.swift */ = {isa = PBXFileReference; lastKnownFileType = sourcecode.swift; path = LandmarkList.swift; sourceTree = "<group>"; };
		3DBA489525A4F54F00C591BE /* LandmarkDetail.swift */ = {isa = PBXFileReference; lastKnownFileType = sourcecode.swift; path = LandmarkDetail.swift; sourceTree = "<group>"; };
/* End PBXFileReference section */

/* Begin PBXFrameworksBuildPhase section */
		3D247F3425A2BE180075EBB1 /* Frameworks */ = {
			isa = PBXFrameworksBuildPhase;
			buildActionMask = 2147483647;
			files = (
			);
			runOnlyForDeploymentPostprocessing = 0;
		};
		3D247F4525A2BE1A0075EBB1 /* Frameworks */ = {
			isa = PBXFrameworksBuildPhase;
			buildActionMask = 2147483647;
			files = (
			);
			runOnlyForDeploymentPostprocessing = 0;
		};
		3D247F5025A2BE1A0075EBB1 /* Frameworks */ = {
			isa = PBXFrameworksBuildPhase;
			buildActionMask = 2147483647;
			files = (
			);
			runOnlyForDeploymentPostprocessing = 0;
		};
/* End PBXFrameworksBuildPhase section */

/* Begin PBXGroup section */
		3D247F2E25A2BE180075EBB1 = {
			isa = PBXGroup;
			children = (
				3D247F3925A2BE180075EBB1 /* Landmarks */,
				3D247F4B25A2BE1A0075EBB1 /* LandmarksTests */,
				3D247F5625A2BE1A0075EBB1 /* LandmarksUITests */,
				3D247F3825A2BE180075EBB1 /* Products */,
			);
			sourceTree = "<group>";
		};
		3D247F3825A2BE180075EBB1 /* Products */ = {
			isa = PBXGroup;
			children = (
				3D247F3725A2BE180075EBB1 /* Landmarks.app */,
				3D247F4825A2BE1A0075EBB1 /* LandmarksTests.xctest */,
				3D247F5325A2BE1A0075EBB1 /* LandmarksUITests.xctest */,
			);
			name = Products;
			sourceTree = "<group>";
		};
		3D247F3925A2BE180075EBB1 /* Landmarks */ = {
			isa = PBXGroup;
			children = (
				3D247F3A25A2BE180075EBB1 /* LandmarksApp.swift */,
				3DBA488325A4B20600C591BE /* Model */,
				3DBA488725A4B21200C591BE /* Resources */,
				3DBA487F25A4B1EE00C591BE /* Views */,
				3D247F3E25A2BE1A0075EBB1 /* Assets.xcassets */,
				3D247F4325A2BE1A0075EBB1 /* Info.plist */,
				3D247F4025A2BE1A0075EBB1 /* Preview Content */,
			);
			path = Landmarks;
			sourceTree = "<group>";
		};
		3D247F4025A2BE1A0075EBB1 /* Preview Content */ = {
			isa = PBXGroup;
			children = (
				3D247F4125A2BE1A0075EBB1 /* Preview Assets.xcassets */,
			);
			path = "Preview Content";
			sourceTree = "<group>";
		};
		3D247F4B25A2BE1A0075EBB1 /* LandmarksTests */ = {
			isa = PBXGroup;
			children = (
				3D247F4C25A2BE1A0075EBB1 /* LandmarksTests.swift */,
				3D247F4E25A2BE1A0075EBB1 /* Info.plist */,
			);
			path = LandmarksTests;
			sourceTree = "<group>";
		};
		3D247F5625A2BE1A0075EBB1 /* LandmarksUITests */ = {
			isa = PBXGroup;
			children = (
				3D247F5725A2BE1A0075EBB1 /* LandmarksUITests.swift */,
				3D247F5925A2BE1A0075EBB1 /* Info.plist */,
			);
			path = LandmarksUITests;
			sourceTree = "<group>";
		};
		3DBA487F25A4B1EE00C591BE /* Views */ = {
			isa = PBXGroup;
			children = (
				3D247F3C25A2BE180075EBB1 /* ContentView.swift */,
				3D247F6825A2C3A60075EBB1 /*  CircleImage.swift */,
				3D247F7025A2C4990075EBB1 /* MapView.swift */,
				3DBA488B25A4B38500C591BE /* LandmarkRow.swift */,
				3DBA489025A4F20D00C591BE /* LandmarkList.swift */,
				3DBA489525A4F54F00C591BE /* LandmarkDetail.swift */,
			);
			path = Views;
			sourceTree = "<group>";
		};
		3DBA488325A4B20600C591BE /* Model */ = {
			isa = PBXGroup;
			children = (
				3DBA487525A3E0D400C591BE /* Landmark.swift */,
				3DBA487A25A4B05600C591BE /* ModelData.swift */,
			);
			path = Model;
			sourceTree = "<group>";
		};
		3DBA488725A4B21200C591BE /* Resources */ = {
			isa = PBXGroup;
			children = (
				3DBA487025A3E08200C591BE /* landmarkData.json */,
			);
			path = Resources;
			sourceTree = "<group>";
		};
/* End PBXGroup section */

/* Begin PBXNativeTarget section */
		3D247F3625A2BE180075EBB1 /* Landmarks */ = {
			isa = PBXNativeTarget;
			buildConfigurationList = 3D247F5C25A2BE1A0075EBB1 /* Build configuration list for PBXNativeTarget "Landmarks" */;
			buildPhases = (
				3D247F3325A2BE180075EBB1 /* Sources */,
				3D247F3425A2BE180075EBB1 /* Frameworks */,
				3D247F3525A2BE180075EBB1 /* Resources */,
			);
			buildRules = (
			);
			dependencies = (
			);
			name = Landmarks;
			productName = Landmarks;
			productReference = 3D247F3725A2BE180075EBB1 /* Landmarks.app */;
			productType = "com.apple.product-type.application";
		};
		3D247F4725A2BE1A0075EBB1 /* LandmarksTests */ = {
			isa = PBXNativeTarget;
			buildConfigurationList = 3D247F5F25A2BE1A0075EBB1 /* Build configuration list for PBXNativeTarget "LandmarksTests" */;
			buildPhases = (
				3D247F4425A2BE1A0075EBB1 /* Sources */,
				3D247F4525A2BE1A0075EBB1 /* Frameworks */,
				3D247F4625A2BE1A0075EBB1 /* Resources */,
			);
			buildRules = (
			);
			dependencies = (
				3D247F4A25A2BE1A0075EBB1 /* PBXTargetDependency */,
			);
			name = LandmarksTests;
			productName = LandmarksTests;
			productReference = 3D247F4825A2BE1A0075EBB1 /* LandmarksTests.xctest */;
			productType = "com.apple.product-type.bundle.unit-test";
		};
		3D247F5225A2BE1A0075EBB1 /* LandmarksUITests */ = {
			isa = PBXNativeTarget;
			buildConfigurationList = 3D247F6225A2BE1A0075EBB1 /* Build configuration list for PBXNativeTarget "LandmarksUITests" */;
			buildPhases = (
				3D247F4F25A2BE1A0075EBB1 /* Sources */,
				3D247F5025A2BE1A0075EBB1 /* Frameworks */,
				3D247F5125A2BE1A0075EBB1 /* Resources */,
			);
			buildRules = (
			);
			dependencies = (
				3D247F5525A2BE1A0075EBB1 /* PBXTargetDependency */,
			);
			name = LandmarksUITests;
			productName = LandmarksUITests;
			productReference = 3D247F5325A2BE1A0075EBB1 /* LandmarksUITests.xctest */;
			productType = "com.apple.product-type.bundle.ui-testing";
		};
/* End PBXNativeTarget section */

/* Begin PBXProject section */
		3D247F2F25A2BE180075EBB1 /* Project object */ = {
			isa = PBXProject;
			attributes = {
				LastSwiftUpdateCheck = 1230;
				LastUpgradeCheck = 1230;
				TargetAttributes = {
					3D247F3625A2BE180075EBB1 = {
						CreatedOnToolsVersion = 12.3;
					};
					3D247F4725A2BE1A0075EBB1 = {
						CreatedOnToolsVersion = 12.3;
						TestTargetID = 3D247F3625A2BE180075EBB1;
					};
					3D247F5225A2BE1A0075EBB1 = {
						CreatedOnToolsVersion = 12.3;
						TestTargetID = 3D247F3625A2BE180075EBB1;
					};
				};
			};
			buildConfigurationList = 3D247F3225A2BE180075EBB1 /* Build configuration list for PBXProject "Landmarks" */;
			compatibilityVersion = "Xcode 9.3";
			developmentRegion = en;
			hasScannedForEncodings = 0;
			knownRegions = (
				en,
				Base,
			);
			mainGroup = 3D247F2E25A2BE180075EBB1;
			productRefGroup = 3D247F3825A2BE180075EBB1 /* Products */;
			projectDirPath = "";
			projectRoot = "";
			targets = (
				3D247F3625A2BE180075EBB1 /* Landmarks */,
				3D247F4725A2BE1A0075EBB1 /* LandmarksTests */,
				3D247F5225A2BE1A0075EBB1 /* LandmarksUITests */,
			);
		};
/* End PBXProject section */

/* Begin PBXResourcesBuildPhase section */
		3D247F3525A2BE180075EBB1 /* Resources */ = {
			isa = PBXResourcesBuildPhase;
			buildActionMask = 2147483647;
			files = (
				3D247F4225A2BE1A0075EBB1 /* Preview Assets.xcassets in Resources */,
				3D247F3F25A2BE1A0075EBB1 /* Assets.xcassets in Resources */,
				3DBA487125A3E08200C591BE /* landmarkData.json in Resources */,
			);
			runOnlyForDeploymentPostprocessing = 0;
		};
		3D247F4625A2BE1A0075EBB1 /* Resources */ = {
			isa = PBXResourcesBuildPhase;
			buildActionMask = 2147483647;
			files = (
			);
			runOnlyForDeploymentPostprocessing = 0;
		};
		3D247F5125A2BE1A0075EBB1 /* Resources */ = {
			isa = PBXResourcesBuildPhase;
			buildActionMask = 2147483647;
			files = (
			);
			runOnlyForDeploymentPostprocessing = 0;
		};
/* End PBXResourcesBuildPhase section */

/* Begin PBXSourcesBuildPhase section */
		3D247F3325A2BE180075EBB1 /* Sources */ = {
			isa = PBXSourcesBuildPhase;
			buildActionMask = 2147483647;
			files = (
				3D247F3D25A2BE180075EBB1 /* ContentView.swift in Sources */,
				3D247F7125A2C4990075EBB1 /* MapView.swift in Sources */,
				3D247F3B25A2BE180075EBB1 /* LandmarksApp.swift in Sources */,
				3DBA489125A4F20D00C591BE /* LandmarkList.swift in Sources */,
				3DBA489625A4F54F00C591BE /* LandmarkDetail.swift in Sources */,
				3D247F6925A2C3A60075EBB1 /*  CircleImage.swift in Sources */,
				3DBA487625A3E0D400C591BE /* Landmark.swift in Sources */,
				3DBA488C25A4B38500C591BE /* LandmarkRow.swift in Sources */,
				3DBA487B25A4B05600C591BE /* ModelData.swift in Sources */,
			);
			runOnlyForDeploymentPostprocessing = 0;
		};
		3D247F4425A2BE1A0075EBB1 /* Sources */ = {
			isa = PBXSourcesBuildPhase;
			buildActionMask = 2147483647;
			files = (
				3D247F4D25A2BE1A0075EBB1 /* LandmarksTests.swift in Sources */,
			);
			runOnlyForDeploymentPostprocessing = 0;
		};
		3D247F4F25A2BE1A0075EBB1 /* Sources */ = {
			isa = PBXSourcesBuildPhase;
			buildActionMask = 2147483647;
			files = (
				3D247F5825A2BE1A0075EBB1 /* LandmarksUITests.swift in Sources */,
			);
			runOnlyForDeploymentPostprocessing = 0;
		};
/* End PBXSourcesBuildPhase section */

/* Begin PBXTargetDependency section */
		3D247F4A25A2BE1A0075EBB1 /* PBXTargetDependency */ = {
			isa = PBXTargetDependency;
			target = 3D247F3625A2BE180075EBB1 /* Landmarks */;
			targetProxy = 3D247F4925A2BE1A0075EBB1 /* PBXContainerItemProxy */;
		};
		3D247F5525A2BE1A0075EBB1 /* PBXTargetDependency */ = {
			isa = PBXTargetDependency;
			target = 3D247F3625A2BE180075EBB1 /* Landmarks */;
			targetProxy = 3D247F5425A2BE1A0075EBB1 /* PBXContainerItemProxy */;
		};
/* End PBXTargetDependency section */

/* Begin XCBuildConfiguration section */
		3D247F5A25A2BE1A0075EBB1 /* Debug */ = {
			isa = XCBuildConfiguration;
			buildSettings = {
				ALWAYS_SEARCH_USER_PATHS = NO;
				CLANG_ANALYZER_NONNULL = YES;
				CLANG_ANALYZER_NUMBER_OBJECT_CONVERSION = YES_AGGRESSIVE;
				CLANG_CXX_LANGUAGE_STANDARD = "gnu++14";
				CLANG_CXX_LIBRARY = "libc++";
				CLANG_ENABLE_MODULES = YES;
				CLANG_ENABLE_OBJC_ARC = YES;
				CLANG_ENABLE_OBJC_WEAK = YES;
				CLANG_WARN_BLOCK_CAPTURE_AUTORELEASING = YES;
				CLANG_WARN_BOOL_CONVERSION = YES;
				CLANG_WARN_COMMA = YES;
				CLANG_WARN_CONSTANT_CONVERSION = YES;
				CLANG_WARN_DEPRECATED_OBJC_IMPLEMENTATIONS = YES;
				CLANG_WARN_DIRECT_OBJC_ISA_USAGE = YES_ERROR;
				CLANG_WARN_DOCUMENTATION_COMMENTS = YES;
				CLANG_WARN_EMPTY_BODY = YES;
				CLANG_WARN_ENUM_CONVERSION = YES;
				CLANG_WARN_INFINITE_RECURSION = YES;
				CLANG_WARN_INT_CONVERSION = YES;
				CLANG_WARN_NON_LITERAL_NULL_CONVERSION = YES;
				CLANG_WARN_OBJC_IMPLICIT_RETAIN_SELF = YES;
				CLANG_WARN_OBJC_LITERAL_CONVERSION = YES;
				CLANG_WARN_OBJC_ROOT_CLASS = YES_ERROR;
				CLANG_WARN_QUOTED_INCLUDE_IN_FRAMEWORK_HEADER = YES;
				CLANG_WARN_RANGE_LOOP_ANALYSIS = YES;
				CLANG_WARN_STRICT_PROTOTYPES = YES;
				CLANG_WARN_SUSPICIOUS_MOVE = YES;
				CLANG_WARN_UNGUARDED_AVAILABILITY = YES_AGGRESSIVE;
				CLANG_WARN_UNREACHABLE_CODE = YES;
				CLANG_WARN__DUPLICATE_METHOD_MATCH = YES;
				COPY_PHASE_STRIP = NO;
				DEBUG_INFORMATION_FORMAT = dwarf;
				ENABLE_STRICT_OBJC_MSGSEND = YES;
				ENABLE_TESTABILITY = YES;
				GCC_C_LANGUAGE_STANDARD = gnu11;
				GCC_DYNAMIC_NO_PIC = NO;
				GCC_NO_COMMON_BLOCKS = YES;
				GCC_OPTIMIZATION_LEVEL = 0;
				GCC_PREPROCESSOR_DEFINITIONS = (
					"DEBUG=1",
					"$(inherited)",
				);
				GCC_WARN_64_TO_32_BIT_CONVERSION = YES;
				GCC_WARN_ABOUT_RETURN_TYPE = YES_ERROR;
				GCC_WARN_UNDECLARED_SELECTOR = YES;
				GCC_WARN_UNINITIALIZED_AUTOS = YES_AGGRESSIVE;
				GCC_WARN_UNUSED_FUNCTION = YES;
				GCC_WARN_UNUSED_VARIABLE = YES;
				IPHONEOS_DEPLOYMENT_TARGET = 14.3;
				MTL_ENABLE_DEBUG_INFO = INCLUDE_SOURCE;
				MTL_FAST_MATH = YES;
				ONLY_ACTIVE_ARCH = YES;
				SDKROOT = iphoneos;
				SWIFT_ACTIVE_COMPILATION_CONDITIONS = DEBUG;
				SWIFT_OPTIMIZATION_LEVEL = "-Onone";
			};
			name = Debug;
		};
		3D247F5B25A2BE1A0075EBB1 /* Release */ = {
			isa = XCBuildConfiguration;
			buildSettings = {
				ALWAYS_SEARCH_USER_PATHS = NO;
				CLANG_ANALYZER_NONNULL = YES;
				CLANG_ANALYZER_NUMBER_OBJECT_CONVERSION = YES_AGGRESSIVE;
				CLANG_CXX_LANGUAGE_STANDARD = "gnu++14";
				CLANG_CXX_LIBRARY = "libc++";
				CLANG_ENABLE_MODULES = YES;
				CLANG_ENABLE_OBJC_ARC = YES;
				CLANG_ENABLE_OBJC_WEAK = YES;
				CLANG_WARN_BLOCK_CAPTURE_AUTORELEASING = YES;
				CLANG_WARN_BOOL_CONVERSION = YES;
				CLANG_WARN_COMMA = YES;
				CLANG_WARN_CONSTANT_CONVERSION = YES;
				CLANG_WARN_DEPRECATED_OBJC_IMPLEMENTATIONS = YES;
				CLANG_WARN_DIRECT_OBJC_ISA_USAGE = YES_ERROR;
				CLANG_WARN_DOCUMENTATION_COMMENTS = YES;
				CLANG_WARN_EMPTY_BODY = YES;
				CLANG_WARN_ENUM_CONVERSION = YES;
				CLANG_WARN_INFINITE_RECURSION = YES;
				CLANG_WARN_INT_CONVERSION = YES;
				CLANG_WARN_NON_LITERAL_NULL_CONVERSION = YES;
				CLANG_WARN_OBJC_IMPLICIT_RETAIN_SELF = YES;
				CLANG_WARN_OBJC_LITERAL_CONVERSION = YES;
				CLANG_WARN_OBJC_ROOT_CLASS = YES_ERROR;
				CLANG_WARN_QUOTED_INCLUDE_IN_FRAMEWORK_HEADER = YES;
				CLANG_WARN_RANGE_LOOP_ANALYSIS = YES;
				CLANG_WARN_STRICT_PROTOTYPES = YES;
				CLANG_WARN_SUSPICIOUS_MOVE = YES;
				CLANG_WARN_UNGUARDED_AVAILABILITY = YES_AGGRESSIVE;
				CLANG_WARN_UNREACHABLE_CODE = YES;
				CLANG_WARN__DUPLICATE_METHOD_MATCH = YES;
				COPY_PHASE_STRIP = NO;
				DEBUG_INFORMATION_FORMAT = "dwarf-with-dsym";
				ENABLE_NS_ASSERTIONS = NO;
				ENABLE_STRICT_OBJC_MSGSEND = YES;
				GCC_C_LANGUAGE_STANDARD = gnu11;
				GCC_NO_COMMON_BLOCKS = YES;
				GCC_WARN_64_TO_32_BIT_CONVERSION = YES;
				GCC_WARN_ABOUT_RETURN_TYPE = YES_ERROR;
				GCC_WARN_UNDECLARED_SELECTOR = YES;
				GCC_WARN_UNINITIALIZED_AUTOS = YES_AGGRESSIVE;
				GCC_WARN_UNUSED_FUNCTION = YES;
				GCC_WARN_UNUSED_VARIABLE = YES;
				IPHONEOS_DEPLOYMENT_TARGET = 14.3;
				MTL_ENABLE_DEBUG_INFO = NO;
				MTL_FAST_MATH = YES;
				SDKROOT = iphoneos;
				SWIFT_COMPILATION_MODE = wholemodule;
				SWIFT_OPTIMIZATION_LEVEL = "-O";
				VALIDATE_PRODUCT = YES;
			};
			name = Release;
		};
		3D247F5D25A2BE1A0075EBB1 /* Debug */ = {
			isa = XCBuildConfiguration;
			buildSettings = {
				ASSETCATALOG_COMPILER_APPICON_NAME = AppIcon;
				ASSETCATALOG_COMPILER_GLOBAL_ACCENT_COLOR_NAME = AccentColor;
				CODE_SIGN_STYLE = Automatic;
				DEVELOPMENT_ASSET_PATHS = "\"Landmarks/Preview Content\"";
				ENABLE_PREVIEWS = YES;
				INFOPLIST_FILE = Landmarks/Info.plist;
				IPHONEOS_DEPLOYMENT_TARGET = 14.0;
				LD_RUNPATH_SEARCH_PATHS = (
					"$(inherited)",
					"@executable_path/Frameworks",
				);
				PRODUCT_BUNDLE_IDENTIFIER = com.mattburkedev.Landmarks;
				PRODUCT_NAME = "$(TARGET_NAME)";
				SWIFT_VERSION = 5.0;
				TARGETED_DEVICE_FAMILY = "1,2";
			};
			name = Debug;
		};
		3D247F5E25A2BE1A0075EBB1 /* Release */ = {
			isa = XCBuildConfiguration;
			buildSettings = {
				ASSETCATALOG_COMPILER_APPICON_NAME = AppIcon;
				ASSETCATALOG_COMPILER_GLOBAL_ACCENT_COLOR_NAME = AccentColor;
				CODE_SIGN_STYLE = Automatic;
				DEVELOPMENT_ASSET_PATHS = "\"Landmarks/Preview Content\"";
				ENABLE_PREVIEWS = YES;
				INFOPLIST_FILE = Landmarks/Info.plist;
				IPHONEOS_DEPLOYMENT_TARGET = 14.0;
				LD_RUNPATH_SEARCH_PATHS = (
					"$(inherited)",
					"@executable_path/Frameworks",
				);
				PRODUCT_BUNDLE_IDENTIFIER = com.mattburkedev.Landmarks;
				PRODUCT_NAME = "$(TARGET_NAME)";
				SWIFT_VERSION = 5.0;
				TARGETED_DEVICE_FAMILY = "1,2";
			};
			name = Release;
		};
		3D247F6025A2BE1A0075EBB1 /* Debug */ = {
			isa = XCBuildConfiguration;
			buildSettings = {
				ALWAYS_EMBED_SWIFT_STANDARD_LIBRARIES = YES;
				BUNDLE_LOADER = "$(TEST_HOST)";
				CODE_SIGN_STYLE = Automatic;
				INFOPLIST_FILE = LandmarksTests/Info.plist;
				IPHONEOS_DEPLOYMENT_TARGET = 14.0;
				LD_RUNPATH_SEARCH_PATHS = (
					"$(inherited)",
					"@executable_path/Frameworks",
					"@loader_path/Frameworks",
				);
				PRODUCT_BUNDLE_IDENTIFIER = com.mattburkedev.LandmarksTests;
				PRODUCT_NAME = "$(TARGET_NAME)";
				SWIFT_VERSION = 5.0;
				TARGETED_DEVICE_FAMILY = "1,2";
				TEST_HOST = "$(BUILT_PRODUCTS_DIR)/Landmarks.app/Landmarks";
			};
			name = Debug;
		};
		3D247F6125A2BE1A0075EBB1 /* Release */ = {
			isa = XCBuildConfiguration;
			buildSettings = {
				ALWAYS_EMBED_SWIFT_STANDARD_LIBRARIES = YES;
				BUNDLE_LOADER = "$(TEST_HOST)";
				CODE_SIGN_STYLE = Automatic;
				INFOPLIST_FILE = LandmarksTests/Info.plist;
				IPHONEOS_DEPLOYMENT_TARGET = 14.0;
				LD_RUNPATH_SEARCH_PATHS = (
					"$(inherited)",
					"@executable_path/Frameworks",
					"@loader_path/Frameworks",
				);
				PRODUCT_BUNDLE_IDENTIFIER = com.mattburkedev.LandmarksTests;
				PRODUCT_NAME = "$(TARGET_NAME)";
				SWIFT_VERSION = 5.0;
				TARGETED_DEVICE_FAMILY = "1,2";
				TEST_HOST = "$(BUILT_PRODUCTS_DIR)/Landmarks.app/Landmarks";
			};
			name = Release;
		};
		3D247F6325A2BE1A0075EBB1 /* Debug */ = {
			isa = XCBuildConfiguration;
			buildSettings = {
				ALWAYS_EMBED_SWIFT_STANDARD_LIBRARIES = YES;
				CODE_SIGN_STYLE = Automatic;
				INFOPLIST_FILE = LandmarksUITests/Info.plist;
				LD_RUNPATH_SEARCH_PATHS = (
					"$(inherited)",
					"@executable_path/Frameworks",
					"@loader_path/Frameworks",
				);
				PRODUCT_BUNDLE_IDENTIFIER = com.mattburkedev.LandmarksUITests;
				PRODUCT_NAME = "$(TARGET_NAME)";
				SWIFT_VERSION = 5.0;
				TARGETED_DEVICE_FAMILY = "1,2";
				TEST_TARGET_NAME = Landmarks;
			};
			name = Debug;
		};
		3D247F6425A2BE1A0075EBB1 /* Release */ = {
			isa = XCBuildConfiguration;
			buildSettings = {
				ALWAYS_EMBED_SWIFT_STANDARD_LIBRARIES = YES;
				CODE_SIGN_STYLE = Automatic;
				INFOPLIST_FILE = LandmarksUITests/Info.plist;
				LD_RUNPATH_SEARCH_PATHS = (
					"$(inherited)",
					"@executable_path/Frameworks",
					"@loader_path/Frameworks",
				);
				PRODUCT_BUNDLE_IDENTIFIER = com.mattburkedev.LandmarksUITests;
				PRODUCT_NAME = "$(TARGET_NAME)";
				SWIFT_VERSION = 5.0;
				TARGETED_DEVICE_FAMILY = "1,2";
				TEST_TARGET_NAME = Landmarks;
			};
			name = Release;
		};
/* End XCBuildConfiguration section */

/* Begin XCConfigurationList section */
		3D247F3225A2BE180075EBB1 /* Build configuration list for PBXProject "Landmarks" */ = {
			isa = XCConfigurationList;
			buildConfigurations = (
				3D247F5A25A2BE1A0075EBB1 /* Debug */,
				3D247F5B25A2BE1A0075EBB1 /* Release */,
			);
			defaultConfigurationIsVisible = 0;
			defaultConfigurationName = Release;
		};
		3D247F5C25A2BE1A0075EBB1 /* Build configuration list for PBXNativeTarget "Landmarks" */ = {
			isa = XCConfigurationList;
			buildConfigurations = (
				3D247F5D25A2BE1A0075EBB1 /* Debug */,
				3D247F5E25A2BE1A0075EBB1 /* Release */,
			);
			defaultConfigurationIsVisible = 0;
			defaultConfigurationName = Release;
		};
		3D247F5F25A2BE1A0075EBB1 /* Build configuration list for PBXNativeTarget "LandmarksTests" */ = {
			isa = XCConfigurationList;
			buildConfigurations = (
				3D247F6025A2BE1A0075EBB1 /* Debug */,
				3D247F6125A2BE1A0075EBB1 /* Release */,
			);
			defaultConfigurationIsVisible = 0;
			defaultConfigurationName = Release;
		};
		3D247F6225A2BE1A0075EBB1 /* Build configuration list for PBXNativeTarget "LandmarksUITests" */ = {
			isa = XCConfigurationList;
			buildConfigurations = (
				3D247F6325A2BE1A0075EBB1 /* Debug */,
				3D247F6425A2BE1A0075EBB1 /* Release */,
			);
			defaultConfigurationIsVisible = 0;
			defaultConfigurationName = Release;
		};
/* End XCConfigurationList section */
	};
	rootObject = 3D247F2F25A2BE180075EBB1 /* Project object */;
}
